
Microsoft Visual Studio Solution File, Format Version 12.00
# Visual Studio Version 16
VisualStudioVersion = 16.0.28803.202
MinimumVisualStudioVersion = 10.0.40219.1
Project("{FAE04EC0-301F-11D3-BF4B-00C04F79EFBC}") = "MiniSpotify", "MiniSpotify\MiniSpotify.csproj", "{5D762894-24C2-4860-829B-76F661346255}"
EndProject
Project("{FAE04EC0-301F-11D3-BF4B-00C04F79EFBC}") = "MiniSpotify.Tests", "MiniSpotify.Tests\MiniSpotify.Tests.csproj", "{3C5B3531-36E0-4D0F-926C-C458E1FFFE27}"
EndProject
Global
	GlobalSection(SolutionConfigurationPlatforms) = preSolution
		Debug|Any CPU = Debug|Any CPU
		Release|Any CPU = Release|Any CPU
	EndGlobalSection
	GlobalSection(ProjectConfigurationPlatforms) = postSolution
		{5D762894-24C2-4860-829B-76F661346255}.Debug|Any CPU.ActiveCfg = Debug|Any CPU
		{5D762894-24C2-4860-829B-76F661346255}.Debug|Any CPU.Build.0 = Debug|Any CPU
		{5D762894-24C2-4860-829B-76F661346255}.Release|Any CPU.ActiveCfg = Release|Any CPU
		{5D762894-24C2-4860-829B-76F661346255}.Release|Any CPU.Build.0 = Release|Any CPU
		{3C5B3531-36E0-4D0F-926C-C458E1FFFE27}.Debug|Any CPU.ActiveCfg = Debug|Any CPU
		{3C5B3531-36E0-4D0F-926C-C458E1FFFE27}.Debug|Any CPU.Build.0 = Debug|Any CPU
		{3C5B3531-36E0-4D0F-926C-C458E1FFFE27}.Release|Any CPU.ActiveCfg = Release|Any CPU
		{3C5B3531-36E0-4D0F-926C-C458E1FFFE27}.Release|Any CPU.Build.0 = Release|Any CPU
	EndGlobalSection
	GlobalSection(SolutionProperties) = preSolution
		HideSolutionNode = FALSE
	EndGlobalSection
	GlobalSection(ExtensibilityGlobals) = postSolution
		SolutionGuid = {40FA035E-7A59-45F9-BC22-C2976A48F73B}
	EndGlobalSection
EndGlobal
